<?xml version="1.0" encoding="utf-8"?>
<Project ToolsVersion="4.0" xmlns="http://schemas.microsoft.com/developer/msbuild/2003">
  <ItemGroup>
    <Filter Include="Header Files">
      <UniqueIdentifier>{21EB8090-0D4E-1035-B6D3-48EBA215DCB7}</UniqueIdentifier>
    </Filter>
    <Filter Include="Source Files">
      <UniqueIdentifier>{E9C7FDCE-D52A-8D73-7EB0-C5296AF258F6}</UniqueIdentifier>
    </Filter>
    <Filter Include="Source Files\Example">
      <UniqueIdentifier>{c6c4417c-d7cf-44c7-a0f5-d1340a365ee6}</UniqueIdentifier>
    </Filter>
    <Filter Include="Header Files\Example">
      <UniqueIdentifier>{6e67936d-f692-4995-b155-f639fa79895c}</UniqueIdentifier>
    </Filter>
  </ItemGroup>
  <ItemGroup>
    <ClInclude Include="..\game\src\chaosrifts.h" />
    <ClInclude Include="..\game\src\diceroller.h" />
    <ClInclude Include="..\game\src\gameturkeys.h" />
    <ClInclude Include="..\game\src\codeisattvas.h" />
    <ClInclude Include="..\game\src\nssv.h" />
  </ItemGroup>
  <ItemGroup>
    <ClCompile Include="..\game\src\game.cpp" />
    <ClCompile Include="..\game\src\chaosrifts.cpp" />
    <ClCompile Include="..\game\src\diceroller.cpp" />
    <ClCompile Include="..\game\src\gameturkeys.cpp" />
    <ClCompile Include="..\game\src\codeisattvas.cpp" />
    <ClCompile Include="..\game\src\nssv.cpp" />
  </ItemGroup>
</Project>